
Microsoft Visual Studio Solution File, Format Version 12.00
# Visual Studio 15
VisualStudioVersion = 15.0.28010.2016
MinimumVisualStudioVersion = 10.0.40219.1
Project("{FAE04EC0-301F-11D3-BF4B-00C04F79EFBC}") = "machine-learning", "machine-learning\machine-learning.csproj", "{B9FADEA5-B3EA-4AAC-9364-9C1B6092C524}"
EndProject
Global
	GlobalSection(SolutionConfigurationPlatforms) = preSolution
		Debug|Any CPU = Debug|Any CPU
		Release|Any CPU = Release|Any CPU
	EndGlobalSection
	GlobalSection(ProjectConfigurationPlatforms) = postSolution
		{B9FADEA5-B3EA-4AAC-9364-9C1B6092C524}.Debug|Any CPU.ActiveCfg = Debug|Any CPU
		{B9FADEA5-B3EA-4AAC-9364-9C1B6092C524}.Debug|Any CPU.Build.0 = Debug|Any CPU
		{B9FADEA5-B3EA-4AAC-9364-9C1B6092C524}.Release|Any CPU.ActiveCfg = Release|Any CPU
		{B9FADEA5-B3EA-4AAC-9364-9C1B6092C524}.Release|Any CPU.Build.0 = Release|Any CPU
	EndGlobalSection
	GlobalSection(SolutionProperties) = preSolution
		HideSolutionNode = FALSE
	EndGlobalSection
	GlobalSection(ExtensibilityGlobals) = postSolution
		SolutionGuid = {1305E620-6433-45AE-B46C-2E0860DE46C4}
	EndGlobalSection
EndGlobal
